<?xml version="1.0" encoding="utf-8"?>
<Project ToolsVersion="4.0" xmlns="http://schemas.microsoft.com/developer/msbuild/2003">
  <ItemGroup>
    <Filter Include="Framework">
      <UniqueIdentifier>{d767202f-7ebf-4174-87e2-660f608735e2}</UniqueIdentifier>
    </Filter>
    <Filter Include="Framework\GameObject">
      <UniqueIdentifier>{29df6f1a-0ce1-4c4a-885f-cfb2acb1e36f}</UniqueIdentifier>
    </Filter>
    <Filter Include="Framework\Map">
      <UniqueIdentifier>{a7c36992-7fd1-4ee1-b695-4d6617f7a433}</UniqueIdentifier>
    </Filter>
    <Filter Include="Framework\Resource Files">
      <UniqueIdentifier>{67DA6AB6-F800-4c08-8B7A-83BB121AAD01}</UniqueIdentifier>
      <Extensions>rc;ico;cur;bmp;dlg;rc2;rct;bin;rgs;gif;jpg;jpeg;jpe;resx;tiff;tif;png;wav;mfcribbon-ms</Extensions>
    </Filter>
    <Filter Include="Framework\GameObject\Mario">
      <UniqueIdentifier>{3806fdfc-cd9e-4f55-856c-967059e1ae28}</UniqueIdentifier>
    </Filter>
    <Filter Include="Framework\GameObject\Enemy">
      <UniqueIdentifier>{920fd089-1b15-443f-b1fb-a6ff9da3211d}</UniqueIdentifier>
    </Filter>
    <Filter Include="Framework\GameObject\OtherIdea">
      <UniqueIdentifier>{725318b2-bfe0-4a5d-9afd-97bdf345bbc0}</UniqueIdentifier>
    </Filter>
    <Filter Include="Framework\GameObject\Item">
      <UniqueIdentifier>{a944dc75-9809-4b0c-912e-82994c488db6}</UniqueIdentifier>
    </Filter>
    <Filter Include="Framework\GameObject\Effect">
      <UniqueIdentifier>{08a69929-be47-439e-bb5a-358e841946cf}</UniqueIdentifier>
    </Filter>
    <Filter Include="Framework\Engine">
      <UniqueIdentifier>{e347bf4a-62b9-40f8-a1a2-ece803487899}</UniqueIdentifier>
    </Filter>
    <Filter Include="Framework\Engine\AnimationManager">
      <UniqueIdentifier>{8b353a2d-44a1-48c1-a809-f1063072ad4e}</UniqueIdentifier>
    </Filter>
    <Filter Include="Framework\Engine\SceneManager">
      <UniqueIdentifier>{3b3a4698-4b60-4767-8ec1-719413c548cd}</UniqueIdentifier>
    </Filter>
    <Filter Include="Framework\Engine\KeyManager">
      <UniqueIdentifier>{ca22134a-1405-4f9d-9bd1-f9719ffe3026}</UniqueIdentifier>
    </Filter>
    <Filter Include="Framework\Engine\DebugManager">
      <UniqueIdentifier>{c7b3b614-fdb1-43af-9585-b8890d522e86}</UniqueIdentifier>
    </Filter>
    <Filter Include="Framework\GameObject\CheckPoint">
      <UniqueIdentifier>{43c7e0fc-f30d-4577-96a8-6a5f2f872eb6}</UniqueIdentifier>
    </Filter>
    <Filter Include="Framework\GameObject\HUD">
      <UniqueIdentifier>{f3f650a0-adda-4888-8f1e-fd82de9d9c92}</UniqueIdentifier>
    </Filter>
  </ItemGroup>
  <ItemGroup>
    <ClInclude Include="Tilemap.h">
      <Filter>Framework\Map</Filter>
    </ClInclude>
    <ClInclude Include="Mario.h">
      <Filter>Framework\GameObject\Mario</Filter>
    </ClInclude>
    <ClInclude Include="Tail.h">
      <Filter>Framework\GameObject\Mario</Filter>
    </ClInclude>
    <ClInclude Include="FireBall.h">
      <Filter>Framework\GameObject\Mario</Filter>
    </ClInclude>
    <ClInclude Include="Koopas.h">
      <Filter>Framework\GameObject\Enemy</Filter>
    </ClInclude>
    <ClInclude Include="Goomba.h">
      <Filter>Framework\GameObject\Enemy</Filter>
    </ClInclude>
    <ClInclude Include="Background.h">
      <Filter>Framework\GameObject\OtherIdea</Filter>
    </ClInclude>
    <ClInclude Include="Brick.h">
      <Filter>Framework\GameObject\OtherIdea</Filter>
    </ClInclude>
    <ClInclude Include="coin.h">
      <Filter>Framework\GameObject\Item</Filter>
    </ClInclude>
    <ClInclude Include="Platform.h">
      <Filter>Framework\GameObject\OtherIdea</Filter>
    </ClInclude>
    <ClInclude Include="Effect.h">
      <Filter>Framework\GameObject\OtherIdea</Filter>
    </ClInclude>
    <ClInclude Include="SwitchBlock.h">
      <Filter>Framework\GameObject\Item</Filter>
    </ClInclude>
    <ClInclude Include="CoinEffect.h">
      <Filter>Framework\GameObject\Effect</Filter>
    </ClInclude>
    <ClInclude Include="Animations.h">
      <Filter>Framework\Engine\AnimationManager</Filter>
    </ClInclude>
    <ClInclude Include="Textures.h">
      <Filter>Framework\Engine\AnimationManager</Filter>
    </ClInclude>
    <ClInclude Include="Game.h">
      <Filter>Framework</Filter>
    </ClInclude>
    <ClInclude Include="Sprites.h">
      <Filter>Framework\Engine\AnimationManager</Filter>
    </ClInclude>
    <ClInclude Include="PlayScene.h">
      <Filter>Framework\Engine\SceneManager</Filter>
    </ClInclude>
    <ClInclude Include="Scene.h">
      <Filter>Framework\Engine\SceneManager</Filter>
    </ClInclude>
    <ClInclude Include="KeyEventHandler.h">
      <Filter>Framework\Engine\KeyManager</Filter>
    </ClInclude>
    <ClInclude Include="Portal.h">
      <Filter>Framework\GameObject</Filter>
    </ClInclude>
    <ClInclude Include="GameObject.h">
      <Filter>Framework\GameObject</Filter>
    </ClInclude>
    <ClInclude Include="Utils.h">
      <Filter>Framework\Engine\DebugManager</Filter>
    </ClInclude>
    <ClInclude Include="Leaf_SuperMushroom.h">
      <Filter>Framework\GameObject\Item</Filter>
    </ClInclude>
    <ClInclude Include="QuestionBrick.h">
      <Filter>Framework\GameObject\Item</Filter>
    </ClInclude>
    <ClInclude Include="BreakableBrick.h">
      <Filter>Framework\GameObject\Item</Filter>
    </ClInclude>
    <ClInclude Include="Venus.h">
      <Filter>Framework\GameObject\Enemy</Filter>
    </ClInclude>
    <ClInclude Include="Object.h">
      <Filter>Framework\GameObject</Filter>
    </ClInclude>
    <ClInclude Include="WorldMapScene.h">
      <Filter>Framework\Engine\SceneManager</Filter>
    </ClInclude>
    <ClInclude Include="MarioOfWorldMapScene.h">
      <Filter>Framework\GameObject\Mario</Filter>
    </ClInclude>
    <ClInclude Include="CheckPoint.h">
      <Filter>Framework\GameObject\CheckPoint</Filter>
    </ClInclude>
    <ClInclude Include="HUD.h">
      <Filter>Framework\GameObject\HUD</Filter>
    </ClInclude>
    <ClInclude Include="TurtleOFWorldMap.h">
      <Filter>Framework\GameObject\Item</Filter>
    </ClInclude>
    <ClInclude Include="Help.h">
      <Filter>Framework\GameObject\Item</Filter>
    </ClInclude>
  </ItemGroup>
  <ItemGroup>
    <ClCompile Include="Tilemap.cpp">
      <Filter>Framework\Map</Filter>
    </ClCompile>
    <ClCompile Include="Mario.cpp">
      <Filter>Framework\GameObject\Mario</Filter>
    </ClCompile>
    <ClCompile Include="FireBall.cpp">
      <Filter>Framework\GameObject\Mario</Filter>
    </ClCompile>
    <ClCompile Include="Tail.cpp">
      <Filter>Framework\GameObject\Mario</Filter>
    </ClCompile>
    <ClCompile Include="Goomba.cpp">
      <Filter>Framework\GameObject\Enemy</Filter>
    </ClCompile>
    <ClCompile Include="Koopas.cpp">
      <Filter>Framework\GameObject\Enemy</Filter>
    </ClCompile>
    <ClCompile Include="background.cpp">
      <Filter>Framework\GameObject\OtherIdea</Filter>
    </ClCompile>
    <ClCompile Include="Brick.cpp">
      <Filter>Framework\GameObject\OtherIdea</Filter>
    </ClCompile>
    <ClCompile Include="Coin.cpp">
      <Filter>Framework\GameObject\Item</Filter>
    </ClCompile>
    <ClCompile Include="Platform.cpp">
      <Filter>Framework\GameObject\OtherIdea</Filter>
    </ClCompile>
    <ClCompile Include="CoinEffect.cpp">
      <Filter>Framework\GameObject\Effect</Filter>
    </ClCompile>
    <ClCompile Include="GameObject.cpp">
      <Filter>Framework\GameObject</Filter>
    </ClCompile>
    <ClCompile Include="main.cpp">
      <Filter>Framework</Filter>
    </ClCompile>
    <ClCompile Include="Animations.cpp">
      <Filter>Framework\Engine\AnimationManager</Filter>
    </ClCompile>
    <ClCompile Include="Textures.cpp">
      <Filter>Framework\Engine\AnimationManager</Filter>
    </ClCompile>
    <ClCompile Include="Game.cpp">
      <Filter>Framework</Filter>
    </ClCompile>
    <ClCompile Include="Sprites.cpp">
      <Filter>Framework\Engine\AnimationManager</Filter>
    </ClCompile>
    <ClCompile Include="PlayScene.cpp">
      <Filter>Framework\Engine\SceneManager</Filter>
    </ClCompile>
    <ClCompile Include="Scene.cpp">
      <Filter>Framework\Engine\SceneManager</Filter>
    </ClCompile>
    <ClCompile Include="Portal.cpp">
      <Filter>Framework\GameObject</Filter>
    </ClCompile>
    <ClCompile Include="Utils.cpp">
      <Filter>Framework\Engine\DebugManager</Filter>
    </ClCompile>
    <ClCompile Include="Leaf_SuperMushroom.cpp">
      <Filter>Framework\GameObject\Item</Filter>
    </ClCompile>
    <ClCompile Include="QuestionBrick.cpp">
      <Filter>Framework\GameObject\Item</Filter>
    </ClCompile>
    <ClCompile Include="BreakableBrick.cpp">
      <Filter>Framework\GameObject\Item</Filter>
    </ClCompile>
    <ClCompile Include="SwitchBlock.cpp">
      <Filter>Framework\GameObject\Item</Filter>
    </ClCompile>
    <ClCompile Include="Venus.cpp">
      <Filter>Framework\GameObject\Enemy</Filter>
    </ClCompile>
    <ClCompile Include="WorldMapScene.cpp">
      <Filter>Framework\Engine\SceneManager</Filter>
    </ClCompile>
    <ClCompile Include="MarioOfWorldMapScene.cpp">
      <Filter>Framework\GameObject\Mario</Filter>
    </ClCompile>
    <ClCompile Include="CheckPoint.cpp">
      <Filter>Framework\GameObject\CheckPoint</Filter>
    </ClCompile>
    <ClCompile Include="HUD.cpp">
      <Filter>Framework\GameObject\HUD</Filter>
    </ClCompile>
    <ClCompile Include="TurleOfWorldMap.cpp">
      <Filter>Framework\GameObject\Item</Filter>
    </ClCompile>
    <ClCompile Include="Help.cpp">
      <Filter>Framework\GameObject\Item</Filter>
    </ClCompile>
  </ItemGroup>
  <ItemGroup>
    <Image Include="Resourses\MyMap1-1.png">
      <Filter>Framework\Resource Files</Filter>
    </Image>
  </ItemGroup>
  <ItemGroup>
    <None Include="Resourses\MyMap1-1.tmx">
      <Filter>Framework\Resource Files</Filter>
    </None>
    <None Include="Resourses\world-1-1n.tsx">
      <Filter>Framework\Resource Files</Filter>
    </None>
  </ItemGroup>
</Project>